
Microsoft Visual Studio Solution File, Format Version 12.00
# Visual Studio 15
VisualStudioVersion = 15.0.26228.4
MinimumVisualStudioVersion = 10.0.40219.1
Project("{FAE04EC0-301F-11D3-BF4B-00C04F79EFBC}") = "lab1Colors", "lab1Colors\lab1Colors.csproj", "{223B468C-F328-4620-9179-1D3EB94CEFFF}"
EndProject
Project("{FAE04EC0-301F-11D3-BF4B-00C04F79EFBC}") = "lab2Converting", "CG_Lab2\CG_Lab2\lab2Converting.csproj", "{5F669FA9-4DD7-4AE2-A946-8CE047B7321F}"
EndProject
Project("{FAE04EC0-301F-11D3-BF4B-00C04F79EFBC}") = "lab3", "lab3\lab3\lab3.csproj", "{B55D6A4E-E07A-498F-9ECA-80A22AF24488}"
EndProject
Global
	GlobalSection(SolutionConfigurationPlatforms) = preSolution
		Debug|Any CPU = Debug|Any CPU
		Release|Any CPU = Release|Any CPU
	EndGlobalSection
	GlobalSection(ProjectConfigurationPlatforms) = postSolution
		{223B468C-F328-4620-9179-1D3EB94CEFFF}.Debug|Any CPU.ActiveCfg = Debug|Any CPU
		{223B468C-F328-4620-9179-1D3EB94CEFFF}.Debug|Any CPU.Build.0 = Debug|Any CPU
		{223B468C-F328-4620-9179-1D3EB94CEFFF}.Release|Any CPU.ActiveCfg = Release|Any CPU
		{223B468C-F328-4620-9179-1D3EB94CEFFF}.Release|Any CPU.Build.0 = Release|Any CPU
		{5F669FA9-4DD7-4AE2-A946-8CE047B7321F}.Debug|Any CPU.ActiveCfg = Debug|Any CPU
		{5F669FA9-4DD7-4AE2-A946-8CE047B7321F}.Debug|Any CPU.Build.0 = Debug|Any CPU
		{5F669FA9-4DD7-4AE2-A946-8CE047B7321F}.Release|Any CPU.ActiveCfg = Release|Any CPU
		{5F669FA9-4DD7-4AE2-A946-8CE047B7321F}.Release|Any CPU.Build.0 = Release|Any CPU
		{B55D6A4E-E07A-498F-9ECA-80A22AF24488}.Debug|Any CPU.ActiveCfg = Debug|Any CPU
		{B55D6A4E-E07A-498F-9ECA-80A22AF24488}.Debug|Any CPU.Build.0 = Debug|Any CPU
		{B55D6A4E-E07A-498F-9ECA-80A22AF24488}.Release|Any CPU.ActiveCfg = Release|Any CPU
		{B55D6A4E-E07A-498F-9ECA-80A22AF24488}.Release|Any CPU.Build.0 = Release|Any CPU
	EndGlobalSection
	GlobalSection(SolutionProperties) = preSolution
		HideSolutionNode = FALSE
	EndGlobalSection
EndGlobal
